// !$*UTF8*$!
{
	archiveVersion = 1;
	classes = {
	};
	objectVersion = 56;
	objects = {

/* Begin PBXBuildFile section */
		F715B6122940B23C00B2F2DF /* ARcApp.swift in Sources */ = {isa = PBXBuildFile; fileRef = F715B6112940B23C00B2F2DF /* ARcApp.swift */; };
		F715B6142940B23C00B2F2DF /* ContentView.swift in Sources */ = {isa = PBXBuildFile; fileRef = F715B6132940B23C00B2F2DF /* ContentView.swift */; };
		F715B6162940B23D00B2F2DF /* Assets.xcassets in Resources */ = {isa = PBXBuildFile; fileRef = F715B6152940B23D00B2F2DF /* Assets.xcassets */; };
		F715B6192940B23D00B2F2DF /* Preview Assets.xcassets in Resources */ = {isa = PBXBuildFile; fileRef = F715B6182940B23D00B2F2DF /* Preview Assets.xcassets */; };
		F7DC0ED32941189E0093C31B /* ARViewContainer.swift in Sources */ = {isa = PBXBuildFile; fileRef = F7DC0ED22941189E0093C31B /* ARViewContainer.swift */; };
		F7DC0ED5294119C60093C31B /* Monkey.usdz in Resources */ = {isa = PBXBuildFile; fileRef = F7DC0ED4294119C60093C31B /* Monkey.usdz */; };
		F7DC0ED9294120F60093C31B /* Model.swift in Sources */ = {isa = PBXBuildFile; fileRef = F7DC0ED8294120F60093C31B /* Model.swift */; };
		F7DC0EDB294128DA0093C31B /* ArgumentViewModel.swift in Sources */ = {isa = PBXBuildFile; fileRef = F7DC0EDA294128DA0093C31B /* ArgumentViewModel.swift */; };
/* End PBXBuildFile section */

/* Begin PBXFileReference section */
		F715B60E2940B23C00B2F2DF /* ARc.app */ = {isa = PBXFileReference; explicitFileType = wrapper.application; includeInIndex = 0; path = ARc.app; sourceTree = BUILT_PRODUCTS_DIR; };
		F715B6112940B23C00B2F2DF /* ARcApp.swift */ = {isa = PBXFileReference; lastKnownFileType = sourcecode.swift; path = ARcApp.swift; sourceTree = "<group>"; };
		F715B6132940B23C00B2F2DF /* ContentView.swift */ = {isa = PBXFileReference; lastKnownFileType = sourcecode.swift; path = ContentView.swift; sourceTree = "<group>"; };
		F715B6152940B23D00B2F2DF /* Assets.xcassets */ = {isa = PBXFileReference; lastKnownFileType = folder.assetcatalog; path = Assets.xcassets; sourceTree = "<group>"; };
		F715B6182940B23D00B2F2DF /* Preview Assets.xcassets */ = {isa = PBXFileReference; lastKnownFileType = folder.assetcatalog; path = "Preview Assets.xcassets"; sourceTree = "<group>"; };
		F7DC0ED22941189E0093C31B /* ARViewContainer.swift */ = {isa = PBXFileReference; lastKnownFileType = sourcecode.swift; path = ARViewContainer.swift; sourceTree = "<group>"; };
		F7DC0ED4294119C60093C31B /* Monkey.usdz */ = {isa = PBXFileReference; lastKnownFileType = file.usdz; path = Monkey.usdz; sourceTree = "<group>"; };
		F7DC0ED8294120F60093C31B /* Model.swift */ = {isa = PBXFileReference; lastKnownFileType = sourcecode.swift; path = Model.swift; sourceTree = "<group>"; };
		F7DC0EDA294128DA0093C31B /* ArgumentViewModel.swift */ = {isa = PBXFileReference; lastKnownFileType = sourcecode.swift; path = ArgumentViewModel.swift; sourceTree = "<group>"; };
/* End PBXFileReference section */

/* Begin PBXFrameworksBuildPhase section */
		F715B60B2940B23C00B2F2DF /* Frameworks */ = {
			isa = PBXFrameworksBuildPhase;
			buildActionMask = 2147483647;
			files = (
			);
			runOnlyForDeploymentPostprocessing = 0;
		};
/* End PBXFrameworksBuildPhase section */

/* Begin PBXGroup section */
		F715B6052940B23C00B2F2DF = {
			isa = PBXGroup;
			children = (
				F715B6102940B23C00B2F2DF /* ARc */,
				F715B60F2940B23C00B2F2DF /* Products */,
			);
			sourceTree = "<group>";
		};
		F715B60F2940B23C00B2F2DF /* Products */ = {
			isa = PBXGroup;
			children = (
				F715B60E2940B23C00B2F2DF /* ARc.app */,
			);
			name = Products;
			sourceTree = "<group>";
		};
		F715B6102940B23C00B2F2DF /* ARc */ = {
			isa = PBXGroup;
			children = (
				F7DC0ED7294120B60093C31B /* ModelsFiles */,
				F715B6112940B23C00B2F2DF /* ARcApp.swift */,
				F715B6132940B23C00B2F2DF /* ContentView.swift */,
				F7DC0ED22941189E0093C31B /* ARViewContainer.swift */,
				F7DC0ED1294117F40093C31B /* models */,
				F715B6152940B23D00B2F2DF /* Assets.xcassets */,
				F715B6172940B23D00B2F2DF /* Preview Content */,
				F7DC0EDA294128DA0093C31B /* ArgumentViewModel.swift */,
			);
			path = ARc;
			sourceTree = "<group>";
		};
		F715B6172940B23D00B2F2DF /* Preview Content */ = {
			isa = PBXGroup;
			children = (
				F715B6182940B23D00B2F2DF /* Preview Assets.xcassets */,
			);
			path = "Preview Content";
			sourceTree = "<group>";
		};
		F7DC0ED1294117F40093C31B /* models */ = {
			isa = PBXGroup;
			children = (
				F7DC0ED4294119C60093C31B /* Monkey.usdz */,
			);
			path = models;
			sourceTree = "<group>";
		};
		F7DC0ED7294120B60093C31B /* ModelsFiles */ = {
			isa = PBXGroup;
			children = (
				F7DC0ED8294120F60093C31B /* Model.swift */,
			);
			path = ModelsFiles;
			sourceTree = "<group>";
		};
/* End PBXGroup section */

/* Begin PBXNativeTarget section */
		F715B60D2940B23C00B2F2DF /* ARc */ = {
			isa = PBXNativeTarget;
			buildConfigurationList = F715B61C2940B23D00B2F2DF /* Build configuration list for PBXNativeTarget "ARc" */;
			buildPhases = (
				F715B60A2940B23C00B2F2DF /* Sources */,
				F715B60B2940B23C00B2F2DF /* Frameworks */,
				F715B60C2940B23C00B2F2DF /* Resources */,
			);
			buildRules = (
			);
			dependencies = (
			);
			name = ARc;
			productName = ARc;
			productReference = F715B60E2940B23C00B2F2DF /* ARc.app */;
			productType = "com.apple.product-type.application";
		};
/* End PBXNativeTarget section */

/* Begin PBXProject section */
		F715B6062940B23C00B2F2DF /* Project object */ = {
			isa = PBXProject;
			attributes = {
				BuildIndependentTargetsInParallel = 1;
				LastSwiftUpdateCheck = 1410;
				LastUpgradeCheck = 1410;
				TargetAttributes = {
					F715B60D2940B23C00B2F2DF = {
						CreatedOnToolsVersion = 14.1;
					};
				};
			};
			buildConfigurationList = F715B6092940B23C00B2F2DF /* Build configuration list for PBXProject "ARc" */;
			compatibilityVersion = "Xcode 14.0";
			developmentRegion = en;
			hasScannedForEncodings = 0;
			knownRegions = (
				en,
				Base,
			);
			mainGroup = F715B6052940B23C00B2F2DF;
			productRefGroup = F715B60F2940B23C00B2F2DF /* Products */;
			projectDirPath = "";
			projectRoot = "";
			targets = (
				F715B60D2940B23C00B2F2DF /* ARc */,
			);
		};
/* End PBXProject section */

/* Begin PBXResourcesBuildPhase section */
		F715B60C2940B23C00B2F2DF /* Resources */ = {
			isa = PBXResourcesBuildPhase;
			buildActionMask = 2147483647;
			files = (
				F7DC0ED5294119C60093C31B /* Monkey.usdz in Resources */,
				F715B6192940B23D00B2F2DF /* Preview Assets.xcassets in Resources */,
				F715B6162940B23D00B2F2DF /* Assets.xcassets in Resources */,
			);
			runOnlyForDeploymentPostprocessing = 0;
		};
/* End PBXResourcesBuildPhase section */

/* Begin PBXSourcesBuildPhase section */
		F715B60A2940B23C00B2F2DF /* Sources */ = {
			isa = PBXSourcesBuildPhase;
			buildActionMask = 2147483647;
			files = (
				F715B6142940B23C00B2F2DF /* ContentView.swift in Sources */,
				F715B6122940B23C00B2F2DF /* ARcApp.swift in Sources */,
				F7DC0EDB294128DA0093C31B /* ArgumentViewModel.swift in Sources */,
				F7DC0ED32941189E0093C31B /* ARViewContainer.swift in Sources */,
				F7DC0ED9294120F60093C31B /* Model.swift in Sources */,
			);
			runOnlyForDeploymentPostprocessing = 0;
		};
/* End PBXSourcesBuildPhase section */

/* Begin XCBuildConfiguration section */
		F715B61A2940B23D00B2F2DF /* Debug */ = {
			isa = XCBuildConfiguration;
			buildSettings = {
				ALWAYS_SEARCH_USER_PATHS = NO;
				CLANG_ANALYZER_NONNULL = YES;
				CLANG_ANALYZER_NUMBER_OBJECT_CONVERSION = YES_AGGRESSIVE;
				CLANG_CXX_LANGUAGE_STANDARD = "gnu++20";
				CLANG_ENABLE_MODULES = YES;
				CLANG_ENABLE_OBJC_ARC = YES;
				CLANG_ENABLE_OBJC_WEAK = YES;
				CLANG_WARN_BLOCK_CAPTURE_AUTORELEASING = YES;
				CLANG_WARN_BOOL_CONVERSION = YES;
				CLANG_WARN_COMMA = YES;
				CLANG_WARN_CONSTANT_CONVERSION = YES;
				CLANG_WARN_DEPRECATED_OBJC_IMPLEMENTATIONS = YES;
				CLANG_WARN_DIRECT_OBJC_ISA_USAGE = YES_ERROR;
				CLANG_WARN_DOCUMENTATION_COMMENTS = YES;
				CLANG_WARN_EMPTY_BODY = YES;
				CLANG_WARN_ENUM_CONVERSION = YES;
				CLANG_WARN_INFINITE_RECURSION = YES;
				CLANG_WARN_INT_CONVERSION = YES;
				CLANG_WARN_NON_LITERAL_NULL_CONVERSION = YES;
				CLANG_WARN_OBJC_IMPLICIT_RETAIN_SELF = YES;
				CLANG_WARN_OBJC_LITERAL_CONVERSION = YES;
				CLANG_WARN_OBJC_ROOT_CLASS = YES_ERROR;
				CLANG_WARN_QUOTED_INCLUDE_IN_FRAMEWORK_HEADER = YES;
				CLANG_WARN_RANGE_LOOP_ANALYSIS = YES;
				CLANG_WARN_STRICT_PROTOTYPES = YES;
				CLANG_WARN_SUSPICIOUS_MOVE = YES;
				CLANG_WARN_UNGUARDED_AVAILABILITY = YES_AGGRESSIVE;
				CLANG_WARN_UNREACHABLE_CODE = YES;
				CLANG_WARN__DUPLICATE_METHOD_MATCH = YES;
				COPY_PHASE_STRIP = NO;
				DEBUG_INFORMATION_FORMAT = dwarf;
				ENABLE_STRICT_OBJC_MSGSEND = YES;
				ENABLE_TESTABILITY = YES;
				GCC_C_LANGUAGE_STANDARD = gnu11;
				GCC_DYNAMIC_NO_PIC = NO;
				GCC_NO_COMMON_BLOCKS = YES;
				GCC_OPTIMIZATION_LEVEL = 0;
				GCC_PREPROCESSOR_DEFINITIONS = (
					"DEBUG=1",
					"$(inherited)",
				);
				GCC_WARN_64_TO_32_BIT_CONVERSION = YES;
				GCC_WARN_ABOUT_RETURN_TYPE = YES_ERROR;
				GCC_WARN_UNDECLARED_SELECTOR = YES;
				GCC_WARN_UNINITIALIZED_AUTOS = YES_AGGRESSIVE;
				GCC_WARN_UNUSED_FUNCTION = YES;
				GCC_WARN_UNUSED_VARIABLE = YES;
				IPHONEOS_DEPLOYMENT_TARGET = 16.1;
				MTL_ENABLE_DEBUG_INFO = INCLUDE_SOURCE;
				MTL_FAST_MATH = YES;
				ONLY_ACTIVE_ARCH = YES;
				SDKROOT = iphoneos;
				SWIFT_ACTIVE_COMPILATION_CONDITIONS = DEBUG;
				SWIFT_OPTIMIZATION_LEVEL = "-Onone";
			};
			name = Debug;
		};
		F715B61B2940B23D00B2F2DF /* Release */ = {
			isa = XCBuildConfiguration;
			buildSettings = {
				ALWAYS_SEARCH_USER_PATHS = NO;
				CLANG_ANALYZER_NONNULL = YES;
				CLANG_ANALYZER_NUMBER_OBJECT_CONVERSION = YES_AGGRESSIVE;
				CLANG_CXX_LANGUAGE_STANDARD = "gnu++20";
				CLANG_ENABLE_MODULES = YES;
				CLANG_ENABLE_OBJC_ARC = YES;
				CLANG_ENABLE_OBJC_WEAK = YES;
				CLANG_WARN_BLOCK_CAPTURE_AUTORELEASING = YES;
				CLANG_WARN_BOOL_CONVERSION = YES;
				CLANG_WARN_COMMA = YES;
				CLANG_WARN_CONSTANT_CONVERSION = YES;
				CLANG_WARN_DEPRECATED_OBJC_IMPLEMENTATIONS = YES;
				CLANG_WARN_DIRECT_OBJC_ISA_USAGE = YES_ERROR;
				CLANG_WARN_DOCUMENTATION_COMMENTS = YES;
				CLANG_WARN_EMPTY_BODY = YES;
				CLANG_WARN_ENUM_CONVERSION = YES;
				CLANG_WARN_INFINITE_RECURSION = YES;
				CLANG_WARN_INT_CONVERSION = YES;
				CLANG_WARN_NON_LITERAL_NULL_CONVERSION = YES;
				CLANG_WARN_OBJC_IMPLICIT_RETAIN_SELF = YES;
				CLANG_WARN_OBJC_LITERAL_CONVERSION = YES;
				CLANG_WARN_OBJC_ROOT_CLASS = YES_ERROR;
				CLANG_WARN_QUOTED_INCLUDE_IN_FRAMEWORK_HEADER = YES;
				CLANG_WARN_RANGE_LOOP_ANALYSIS = YES;
				CLANG_WARN_STRICT_PROTOTYPES = YES;
				CLANG_WARN_SUSPICIOUS_MOVE = YES;
				CLANG_WARN_UNGUARDED_AVAILABILITY = YES_AGGRESSIVE;
				CLANG_WARN_UNREACHABLE_CODE = YES;
				CLANG_WARN__DUPLICATE_METHOD_MATCH = YES;
				COPY_PHASE_STRIP = NO;
				DEBUG_INFORMATION_FORMAT = "dwarf-with-dsym";
				ENABLE_NS_ASSERTIONS = NO;
				ENABLE_STRICT_OBJC_MSGSEND = YES;
				GCC_C_LANGUAGE_STANDARD = gnu11;
				GCC_NO_COMMON_BLOCKS = YES;
				GCC_WARN_64_TO_32_BIT_CONVERSION = YES;
				GCC_WARN_ABOUT_RETURN_TYPE = YES_ERROR;
				GCC_WARN_UNDECLARED_SELECTOR = YES;
				GCC_WARN_UNINITIALIZED_AUTOS = YES_AGGRESSIVE;
				GCC_WARN_UNUSED_FUNCTION = YES;
				GCC_WARN_UNUSED_VARIABLE = YES;
				IPHONEOS_DEPLOYMENT_TARGET = 16.1;
				MTL_ENABLE_DEBUG_INFO = NO;
				MTL_FAST_MATH = YES;
				SDKROOT = iphoneos;
				SWIFT_COMPILATION_MODE = wholemodule;
				SWIFT_OPTIMIZATION_LEVEL = "-O";
				VALIDATE_PRODUCT = YES;
			};
			name = Release;
		};
		F715B61D2940B23D00B2F2DF /* Debug */ = {
			isa = XCBuildConfiguration;
			buildSettings = {
				ASSETCATALOG_COMPILER_APPICON_NAME = AppIcon;
				ASSETCATALOG_COMPILER_GLOBAL_ACCENT_COLOR_NAME = AccentColor;
				CODE_SIGN_IDENTITY = "Apple Development";
				CODE_SIGN_STYLE = Automatic;
				CURRENT_PROJECT_VERSION = 1;
				DEVELOPMENT_ASSET_PATHS = "\"ARc/Preview Content\"";
				DEVELOPMENT_TEAM = LMVDSLF8YS;
				ENABLE_PREVIEWS = YES;
				GENERATE_INFOPLIST_FILE = YES;
				INFOPLIST_KEY_NSCameraUsageDescription = "ARc Need camera to use arkit ";
				INFOPLIST_KEY_UIApplicationSceneManifest_Generation = YES;
				INFOPLIST_KEY_UIApplicationSupportsIndirectInputEvents = YES;
				INFOPLIST_KEY_UILaunchScreen_Generation = YES;
				INFOPLIST_KEY_UISupportedInterfaceOrientations_iPad = "UIInterfaceOrientationPortrait UIInterfaceOrientationPortraitUpsideDown UIInterfaceOrientationLandscapeLeft UIInterfaceOrientationLandscapeRight";
				INFOPLIST_KEY_UISupportedInterfaceOrientations_iPhone = "UIInterfaceOrientationPortrait UIInterfaceOrientationLandscapeLeft UIInterfaceOrientationLandscapeRight";
				IPHONEOS_DEPLOYMENT_TARGET = 16.1;
				LD_RUNPATH_SEARCH_PATHS = (
					"$(inherited)",
					"@executable_path/Frameworks",
				);
				MARKETING_VERSION = 1.0;
				PRODUCT_BUNDLE_IDENTIFIER = com.antonia.ambrosio.ARc;
				PRODUCT_NAME = "$(TARGET_NAME)";
				PROVISIONING_PROFILE_SPECIFIER = "";
				SWIFT_EMIT_LOC_STRINGS = YES;
				SWIFT_VERSION = 5.0;
				TARGETED_DEVICE_FAMILY = "1,2";
			};
			name = Debug;
		};
		F715B61E2940B23D00B2F2DF /* Release */ = {
			isa = XCBuildConfiguration;
			buildSettings = {
				ASSETCATALOG_COMPILER_APPICON_NAME = AppIcon;
				ASSETCATALOG_COMPILER_GLOBAL_ACCENT_COLOR_NAME = AccentColor;
				CODE_SIGN_IDENTITY = "Apple Development";
				CODE_SIGN_STYLE = Automatic;
				CURRENT_PROJECT_VERSION = 1;
				DEVELOPMENT_ASSET_PATHS = "\"ARc/Preview Content\"";
				DEVELOPMENT_TEAM = LMVDSLF8YS;
				ENABLE_PREVIEWS = YES;
				GENERATE_INFOPLIST_FILE = YES;
				INFOPLIST_KEY_NSCameraUsageDescription = "ARc Need camera to use arkit ";
				INFOPLIST_KEY_UIApplicationSceneManifest_Generation = YES;
				INFOPLIST_KEY_UIApplicationSupportsIndirectInputEvents = YES;
				INFOPLIST_KEY_UILaunchScreen_Generation = YES;
				INFOPLIST_KEY_UISupportedInterfaceOrientations_iPad = "UIInterfaceOrientationPortrait UIInterfaceOrientationPortraitUpsideDown UIInterfaceOrientationLandscapeLeft UIInterfaceOrientationLandscapeRight";
				INFOPLIST_KEY_UISupportedInterfaceOrientations_iPhone = "UIInterfaceOrientationPortrait UIInterfaceOrientationLandscapeLeft UIInterfaceOrientationLandscapeRight";
				IPHONEOS_DEPLOYMENT_TARGET = 16.1;
				LD_RUNPATH_SEARCH_PATHS = (
					"$(inherited)",
					"@executable_path/Frameworks",
				);
				MARKETING_VERSION = 1.0;
				PRODUCT_BUNDLE_IDENTIFIER = com.antonia.ambrosio.ARc;
				PRODUCT_NAME = "$(TARGET_NAME)";
				PROVISIONING_PROFILE_SPECIFIER = "";
				SWIFT_EMIT_LOC_STRINGS = YES;
				SWIFT_VERSION = 5.0;
				TARGETED_DEVICE_FAMILY = "1,2";
			};
			name = Release;
		};
/* End XCBuildConfiguration section */

/* Begin XCConfigurationList section */
		F715B6092940B23C00B2F2DF /* Build configuration list for PBXProject "ARc" */ = {
			isa = XCConfigurationList;
			buildConfigurations = (
				F715B61A2940B23D00B2F2DF /* Debug */,
				F715B61B2940B23D00B2F2DF /* Release */,
			);
			defaultConfigurationIsVisible = 0;
			defaultConfigurationName = Release;
		};
		F715B61C2940B23D00B2F2DF /* Build configuration list for PBXNativeTarget "ARc" */ = {
			isa = XCConfigurationList;
			buildConfigurations = (
				F715B61D2940B23D00B2F2DF /* Debug */,
				F715B61E2940B23D00B2F2DF /* Release */,
			);
			defaultConfigurationIsVisible = 0;
			defaultConfigurationName = Release;
		};
/* End XCConfigurationList section */
	};
	rootObject = F715B6062940B23C00B2F2DF /* Project object */;
}
